%{"connection": {:hex, :connection, "1.0.2"},
  "db_connection": {:hex, :db_connection, "0.2.4"},
  "decimal": {:hex, :decimal, "1.1.1"},
  "dialyxir": {:hex, :dialyxir, "0.3.3", "2f8bb8ab4e17acf4086cae847bd385c0f89296d3e3448dc304c26bfbe4b46cb4", [:mix], []},
  "dialyze": {:hex, :dialyze, "0.2.1"},
  "earmark": {:hex, :earmark, "0.2.1", "ba6d26ceb16106d069b289df66751734802777a3cbb6787026dd800ffeb850f3", [:mix], []},
  "ecto": {:hex, :ecto, "2.0.0-beta.2"},
  "ex_doc": {:hex, :ex_doc, "0.11.4", "a064bdb720594c3745b94709b17ffb834fd858b4e0c1f48f37c0d92700759e02", [:mix], [{:earmark, "~> 0.1.17 or ~> 0.2", [hex: :earmark, optional: true]}]},
  "ex_spec": {:hex, :ex_spec, "1.0.0", "b1e791072fecbf80c725adf45e7cbdf3d96af3765638a1f1547824706ece4bc9", [:mix], []},
  "poolboy": {:hex, :poolboy, "1.5.1"},
  "postgrex": {:hex, :postgrex, "0.11.1"}}
