%{"connection": {:hex, :connection, "1.0.2", "f4a06dd3ecae4141aa66f94ce92ea4c4b8753069472814932f1cadbc3078ab80", [:mix], []},
  "db_connection": {:hex, :db_connection, "0.2.3", "9718deeb713ceb5213950a0de4f29b98133f4cb73cc9aca65648b5a8a1414c59", [:mix], [{:sbroker, "~> 0.7", [hex: :sbroker, optional: true]}, {:poolboy, "~> 1.5", [hex: :poolboy, optional: true]}, {:connection, "~> 1.0.2", [hex: :connection, optional: false]}]},
  "decimal": {:hex, :decimal, "1.1.1", "a8ff5b673105e6cdaca96f799aeefc6f07142881b616c65db16e14e556b16e76", [:mix], []},
  "dialyze": {:hex, :dialyze, "0.2.0", "ecabf292e9f4bd0f7d844981f899a85c0300b30ff2dd1cdfef0c81a6496466f1", [:mix], []},
  "earmark": {:hex, :earmark, "0.2.1", "ba6d26ceb16106d069b289df66751734802777a3cbb6787026dd800ffeb850f3", [:mix], []},
  "ecto": {:hex, :ecto, "1.1.3", "859244ba9b7e10ba18889e48172d6455b552df3f9029bf312bcc7e360e3224de", [:mix], [{:sbroker, "~> 0.7", [hex: :sbroker, optional: true]}, {:postgrex, "~> 0.11.0", [hex: :postgrex, optional: true]}, {:poolboy, "~> 1.4", [hex: :poolboy, optional: false]}, {:poison, "~> 1.0", [hex: :poison, optional: true]}, {:mariaex, "~> 0.5.0", [hex: :mariaex, optional: true]}, {:decimal, "~> 1.0", [hex: :decimal, optional: false]}]},
  "ex_doc": {:hex, :ex_doc, "0.11.4", "a064bdb720594c3745b94709b17ffb834fd858b4e0c1f48f37c0d92700759e02", [:mix], [{:earmark, "~> 0.1.17 or ~> 0.2", [hex: :earmark, optional: true]}]},
  "ex_spec": {:hex, :ex_spec, "1.0.0", "b1e791072fecbf80c725adf45e7cbdf3d96af3765638a1f1547824706ece4bc9", [:mix], []},
  "poolboy": {:hex, :poolboy, "1.5.1", "6b46163901cfd0a1b43d692657ed9d7e599853b3b21b95ae5ae0a777cf9b6ca8", [:rebar], []},
  "postgrex": {:hex, :postgrex, "0.11.1", "f48af70c0a58b9bfd1aaa456ec4273624554cfb837726b6a7f0701da4a94b2dd", [:mix], [{:decimal, "~> 1.0", [hex: :decimal, optional: false]}, {:db_connection, "~> 0.2", [hex: :db_connection, optional: false]}, {:connection, "~> 1.0", [hex: :connection, optional: false]}]}}
